{
  "version": 4,
  "terraform_version": "1.15.5",
  "serial": 1,
  "lineage": "2db68523-3de9-28c4-f1bb-b38a92ce6eca",
  "outputs": {},
  "resources": [
    {
      "mode": "managed",
      "type": "local_file",
      "name": "example",
      "provider": "provider[\"registry.terraform.io/hashicorp/local\"]",
      "instances": [
        {
          "schema_version": 0,
          "attributes": {
            "content": "Hello from Terraform CI/CD Lab!",
            "content_base64": null,
            "content_base64sha256": "U3weo+Ew9ehk3xTbM0XLftTFGyR4HJKBuXg2aaffdKU=",
            "content_base64sha512": "qqDT4tchBKNetvTTeYPAs7jAfmFRs4m9GLX9pRtSb68XGLzLCmODrn+qKl7wQPEq/NkeCdxfhOf7eD8phZNJkA==",
            "content_md5": "5b0e92ac6d139b4887cd7b91f2d8cb1a",
            "content_sha1": "72e4ca3592a9a7001fe572c42b6a8160af8bde0f",
            "content_sha256": "537c1ea3e130f5e864df14db3345cb7ed4c51b24781c9281b9783669a7df74a5",
            "content_sha512": "aaa0d3e2d72104a35eb6f4d37983c0b3b8c07e6151b389bd18b5fda51b526faf1718bccb0a6383ae7faa2a5ef040f12afcd91e09dc5f84e7fb783f2985934990",
            "directory_permission": "0777",
            "file_permission": "0777",
            "filename": "hello.txt",
            "id": "72e4ca3592a9a7001fe572c42b6a8160af8bde0f",
            "sensitive_content": null,
            "source": null
          },
          "sensitive_attributes": [
            [
              {
                "type": "get_attr",
                "value": "sensitive_content"
              }
            ]
          ],
          "identity_schema_version": 0
        }
      ]
    }
  ],
  "check_results": null
}
